
Microsoft Visual Studio Solution File, Format Version 12.00
# Visual Studio 2017
Project("{FAE04EC0-301F-11D3-BF4B-00C04F79EFBC}") = "unityRound1", "unityRound1.csproj", "{78A95646-5771-A546-2915-A4C9C02E982A}"
EndProject
Project("{FAE04EC0-301F-11D3-BF4B-00C04F79EFBC}") = "unityRound1.Plugins", "unityRound1.Plugins.csproj", "{B874E43E-BA19-AC4A-6849-92D405890541}"
EndProject
Project("{FAE04EC0-301F-11D3-BF4B-00C04F79EFBC}") = "unityRound1.Editor.Plugins", "unityRound1.Editor.Plugins.csproj", "{B01B015B-DCDB-2D5C-7242-DD8B3C1F6B62}"
EndProject
Project("{FAE04EC0-301F-11D3-BF4B-00C04F79EFBC}") = "unityRound1.Editor", "unityRound1.Editor.csproj", "{60BA163C-50E3-BB48-A9FC-C09001E059D9}"
EndProject
Global
	GlobalSection(SolutionConfigurationPlatforms) = preSolution
		Debug|Any CPU = Debug|Any CPU
		Release|Any CPU = Release|Any CPU
	EndGlobalSection
	GlobalSection(ProjectConfigurationPlatforms) = postSolution
		{78A95646-5771-A546-2915-A4C9C02E982A}.Debug|Any CPU.ActiveCfg = Debug|Any CPU
		{78A95646-5771-A546-2915-A4C9C02E982A}.Debug|Any CPU.Build.0 = Debug|Any CPU
		{78A95646-5771-A546-2915-A4C9C02E982A}.Release|Any CPU.ActiveCfg = Release|Any CPU
		{78A95646-5771-A546-2915-A4C9C02E982A}.Release|Any CPU.Build.0 = Release|Any CPU
		{B874E43E-BA19-AC4A-6849-92D405890541}.Debug|Any CPU.ActiveCfg = Debug|Any CPU
		{B874E43E-BA19-AC4A-6849-92D405890541}.Debug|Any CPU.Build.0 = Debug|Any CPU
		{B874E43E-BA19-AC4A-6849-92D405890541}.Release|Any CPU.ActiveCfg = Release|Any CPU
		{B874E43E-BA19-AC4A-6849-92D405890541}.Release|Any CPU.Build.0 = Release|Any CPU
		{B01B015B-DCDB-2D5C-7242-DD8B3C1F6B62}.Debug|Any CPU.ActiveCfg = Debug|Any CPU
		{B01B015B-DCDB-2D5C-7242-DD8B3C1F6B62}.Debug|Any CPU.Build.0 = Debug|Any CPU
		{B01B015B-DCDB-2D5C-7242-DD8B3C1F6B62}.Release|Any CPU.ActiveCfg = Release|Any CPU
		{B01B015B-DCDB-2D5C-7242-DD8B3C1F6B62}.Release|Any CPU.Build.0 = Release|Any CPU
		{60BA163C-50E3-BB48-A9FC-C09001E059D9}.Debug|Any CPU.ActiveCfg = Debug|Any CPU
		{60BA163C-50E3-BB48-A9FC-C09001E059D9}.Debug|Any CPU.Build.0 = Debug|Any CPU
		{60BA163C-50E3-BB48-A9FC-C09001E059D9}.Release|Any CPU.ActiveCfg = Release|Any CPU
		{60BA163C-50E3-BB48-A9FC-C09001E059D9}.Release|Any CPU.Build.0 = Release|Any CPU
	EndGlobalSection
	GlobalSection(SolutionProperties) = preSolution
		HideSolutionNode = FALSE
	EndGlobalSection
EndGlobal
